{
  "name": "evavanderkroft.github.io",
  "version": "1.0.0",
  "lockfileVersion": 3,
  "requires": true,
  "packages": {
    "": {
      "name": "evavanderkroft.github.io",
      "version": "1.0.0",
      "license": "ISC",
      "dependencies": {
        "flatted": "^3.2.7",
        "ml-knn": "^3.0.0"
      },
      "devDependencies": {}
    },
    "node_modules/flatted": {
      "version": "3.2.7",
      "resolved": "https://registry.npmjs.org/flatted/-/flatted-3.2.7.tgz",
      "integrity": "sha512-5nqDSxl8nn5BSNxyR3n4I6eDmbolI6WT+QqR547RwxQapgjQBmtktdP+HTBb/a/zLsbzERTONyUB5pefh5TtjQ=="
    },
    "node_modules/ml-distance-euclidean": {
      "version": "2.0.0",
      "resolved": "https://registry.npmjs.org/ml-distance-euclidean/-/ml-distance-euclidean-2.0.0.tgz",
      "integrity": "sha512-yC9/2o8QF0A3m/0IXqCTXCzz2pNEzvmcE/9HFKOZGnTjatvBbsn4lWYJkxENkA4Ug2fnYl7PXQxnPi21sgMy/Q=="
    },
    "node_modules/ml-knn": {
      "version": "3.0.0",
      "resolved": "https://registry.npmjs.org/ml-knn/-/ml-knn-3.0.0.tgz",
      "integrity": "sha512-w7Jig4vW09OYMurlIRRJj8yL2O/835QJpxup+yW7QVYXSjixmanPtPQL+weiTYbaB/wWX8JilB+Wllk4mxvP5w==",
      "dependencies": {
        "ml-distance-euclidean": "^2.0.0"
      }
    }
  }
}
